
Microsoft Visual Studio Solution File, Format Version 12.00
# Visual Studio Version 17
VisualStudioVersion = 17.2.32516.85
MinimumVisualStudioVersion = 10.0.40219.1
Project("{9A19103F-16F7-4668-BE54-9A1E7A4F7556}") = "TypeDCore", "TypeDCore\TypeDCore.csproj", "{DEA37827-4F4F-45A6-8D29-366D4CE460D5}"
EndProject
Project("{9A19103F-16F7-4668-BE54-9A1E7A4F7556}") = "TypeDCoreTest", "TypeDCoreTest\TypeDCoreTest.csproj", "{014EE132-A4FA-4C93-B238-035F95A14649}"
EndProject
Global
	GlobalSection(SolutionConfigurationPlatforms) = preSolution
		Debug|Any CPU = Debug|Any CPU
		Release|Any CPU = Release|Any CPU
	EndGlobalSection
	GlobalSection(ProjectConfigurationPlatforms) = postSolution
		{DEA37827-4F4F-45A6-8D29-366D4CE460D5}.Debug|Any CPU.ActiveCfg = Debug|Any CPU
		{DEA37827-4F4F-45A6-8D29-366D4CE460D5}.Debug|Any CPU.Build.0 = Debug|Any CPU
		{DEA37827-4F4F-45A6-8D29-366D4CE460D5}.Release|Any CPU.ActiveCfg = Release|Any CPU
		{DEA37827-4F4F-45A6-8D29-366D4CE460D5}.Release|Any CPU.Build.0 = Release|Any CPU
		{014EE132-A4FA-4C93-B238-035F95A14649}.Debug|Any CPU.ActiveCfg = Debug|Any CPU
		{014EE132-A4FA-4C93-B238-035F95A14649}.Debug|Any CPU.Build.0 = Debug|Any CPU
		{014EE132-A4FA-4C93-B238-035F95A14649}.Release|Any CPU.ActiveCfg = Release|Any CPU
		{014EE132-A4FA-4C93-B238-035F95A14649}.Release|Any CPU.Build.0 = Release|Any CPU
	EndGlobalSection
	GlobalSection(SolutionProperties) = preSolution
		HideSolutionNode = FALSE
	EndGlobalSection
	GlobalSection(ExtensibilityGlobals) = postSolution
		SolutionGuid = {169CF612-B202-484D-BDF9-35CA4B5EEBF8}
	EndGlobalSection
EndGlobal
